// !$*UTF8*$!
{
	archiveVersion = 1;
	classes = {
	};
	objectVersion = 77;
	objects = {

/* Begin PBXContainerItemProxy section */
		4E6D35A82D9AF883003ED524 /* PBXContainerItemProxy */ = {
			isa = PBXContainerItemProxy;
			containerPortal = 4E6D358D2D9AF881003ED524 /* Project object */;
			proxyType = 1;
			remoteGlobalIDString = 4E6D35942D9AF881003ED524;
			remoteInfo = AppSearchSwiftUI;
		};
		4E6D35B22D9AF883003ED524 /* PBXContainerItemProxy */ = {
			isa = PBXContainerItemProxy;
			containerPortal = 4E6D358D2D9AF881003ED524 /* Project object */;
			proxyType = 1;
			remoteGlobalIDString = 4E6D35942D9AF881003ED524;
			remoteInfo = AppSearchSwiftUI;
		};
/* End PBXContainerItemProxy section */

/* Begin PBXFileReference section */
		4E6D35952D9AF881003ED524 /* AppSearchSwiftUI.app */ = {isa = PBXFileReference; explicitFileType = wrapper.application; includeInIndex = 0; path = AppSearchSwiftUI.app; sourceTree = BUILT_PRODUCTS_DIR; };
		4E6D35A72D9AF883003ED524 /* AppSearchSwiftUITests.xctest */ = {isa = PBXFileReference; explicitFileType = wrapper.cfbundle; includeInIndex = 0; path = AppSearchSwiftUITests.xctest; sourceTree = BUILT_PRODUCTS_DIR; };
		4E6D35B12D9AF883003ED524 /* AppSearchSwiftUIUITests.xctest */ = {isa = PBXFileReference; explicitFileType = wrapper.cfbundle; includeInIndex = 0; path = AppSearchSwiftUIUITests.xctest; sourceTree = BUILT_PRODUCTS_DIR; };
/* End PBXFileReference section */

/* Begin PBXFileSystemSynchronizedRootGroup section */
		4E6D35972D9AF881003ED524 /* AppSearchSwiftUI */ = {
			isa = PBXFileSystemSynchronizedRootGroup;
			path = AppSearchSwiftUI;
			sourceTree = "<group>";
		};
		4E6D35AA2D9AF883003ED524 /* AppSearchSwiftUITests */ = {
			isa = PBXFileSystemSynchronizedRootGroup;
			path = AppSearchSwiftUITests;
			sourceTree = "<group>";
		};
		4E6D35B42D9AF883003ED524 /* AppSearchSwiftUIUITests */ = {
			isa = PBXFileSystemSynchronizedRootGroup;
			path = AppSearchSwiftUIUITests;
			sourceTree = "<group>";
		};
/* End PBXFileSystemSynchronizedRootGroup section */

/* Begin PBXFrameworksBuildPhase section */
		4E6D35922D9AF881003ED524 /* Frameworks */ = {
			isa = PBXFrameworksBuildPhase;
			buildActionMask = 2147483647;
			files = (
			);
			runOnlyForDeploymentPostprocessing = 0;
		};
		4E6D35A42D9AF883003ED524 /* Frameworks */ = {
			isa = PBXFrameworksBuildPhase;
			buildActionMask = 2147483647;
			files = (
			);
			runOnlyForDeploymentPostprocessing = 0;
		};
		4E6D35AE2D9AF883003ED524 /* Frameworks */ = {
			isa = PBXFrameworksBuildPhase;
			buildActionMask = 2147483647;
			files = (
			);
			runOnlyForDeploymentPostprocessing = 0;
		};
/* End PBXFrameworksBuildPhase section */

/* Begin PBXGroup section */
		4E6D358C2D9AF881003ED524 = {
			isa = PBXGroup;
			children = (
				4E6D35972D9AF881003ED524 /* AppSearchSwiftUI */,
				4E6D35AA2D9AF883003ED524 /* AppSearchSwiftUITests */,
				4E6D35B42D9AF883003ED524 /* AppSearchSwiftUIUITests */,
				4E6D35962D9AF881003ED524 /* Products */,
			);
			sourceTree = "<group>";
		};
		4E6D35962D9AF881003ED524 /* Products */ = {
			isa = PBXGroup;
			children = (
				4E6D35952D9AF881003ED524 /* AppSearchSwiftUI.app */,
				4E6D35A72D9AF883003ED524 /* AppSearchSwiftUITests.xctest */,
				4E6D35B12D9AF883003ED524 /* AppSearchSwiftUIUITests.xctest */,
			);
			name = Products;
			sourceTree = "<group>";
		};
/* End PBXGroup section */

/* Begin PBXNativeTarget section */
		4E6D35942D9AF881003ED524 /* AppSearchSwiftUI */ = {
			isa = PBXNativeTarget;
			buildConfigurationList = 4E6D35BB2D9AF883003ED524 /* Build configuration list for PBXNativeTarget "AppSearchSwiftUI" */;
			buildPhases = (
				4E6D35912D9AF881003ED524 /* Sources */,
				4E6D35922D9AF881003ED524 /* Frameworks */,
				4E6D35932D9AF881003ED524 /* Resources */,
			);
			buildRules = (
			);
			dependencies = (
			);
			fileSystemSynchronizedGroups = (
				4E6D35972D9AF881003ED524 /* AppSearchSwiftUI */,
			);
			name = AppSearchSwiftUI;
			packageProductDependencies = (
			);
			productName = AppSearchSwiftUI;
			productReference = 4E6D35952D9AF881003ED524 /* AppSearchSwiftUI.app */;
			productType = "com.apple.product-type.application";
		};
		4E6D35A62D9AF883003ED524 /* AppSearchSwiftUITests */ = {
			isa = PBXNativeTarget;
			buildConfigurationList = 4E6D35BE2D9AF883003ED524 /* Build configuration list for PBXNativeTarget "AppSearchSwiftUITests" */;
			buildPhases = (
				4E6D35A32D9AF883003ED524 /* Sources */,
				4E6D35A42D9AF883003ED524 /* Frameworks */,
				4E6D35A52D9AF883003ED524 /* Resources */,
			);
			buildRules = (
			);
			dependencies = (
				4E6D35A92D9AF883003ED524 /* PBXTargetDependency */,
			);
			fileSystemSynchronizedGroups = (
				4E6D35AA2D9AF883003ED524 /* AppSearchSwiftUITests */,
			);
			name = AppSearchSwiftUITests;
			packageProductDependencies = (
			);
			productName = AppSearchSwiftUITests;
			productReference = 4E6D35A72D9AF883003ED524 /* AppSearchSwiftUITests.xctest */;
			productType = "com.apple.product-type.bundle.unit-test";
		};
		4E6D35B02D9AF883003ED524 /* AppSearchSwiftUIUITests */ = {
			isa = PBXNativeTarget;
			buildConfigurationList = 4E6D35C12D9AF883003ED524 /* Build configuration list for PBXNativeTarget "AppSearchSwiftUIUITests" */;
			buildPhases = (
				4E6D35AD2D9AF883003ED524 /* Sources */,
				4E6D35AE2D9AF883003ED524 /* Frameworks */,
				4E6D35AF2D9AF883003ED524 /* Resources */,
			);
			buildRules = (
			);
			dependencies = (
				4E6D35B32D9AF883003ED524 /* PBXTargetDependency */,
			);
			fileSystemSynchronizedGroups = (
				4E6D35B42D9AF883003ED524 /* AppSearchSwiftUIUITests */,
			);
			name = AppSearchSwiftUIUITests;
			packageProductDependencies = (
			);
			productName = AppSearchSwiftUIUITests;
			productReference = 4E6D35B12D9AF883003ED524 /* AppSearchSwiftUIUITests.xctest */;
			productType = "com.apple.product-type.bundle.ui-testing";
		};
/* End PBXNativeTarget section */

/* Begin PBXProject section */
		4E6D358D2D9AF881003ED524 /* Project object */ = {
			isa = PBXProject;
			attributes = {
				BuildIndependentTargetsInParallel = 1;
				LastSwiftUpdateCheck = 1610;
				LastUpgradeCheck = 1610;
				TargetAttributes = {
					4E6D35942D9AF881003ED524 = {
						CreatedOnToolsVersion = 16.1;
					};
					4E6D35A62D9AF883003ED524 = {
						CreatedOnToolsVersion = 16.1;
						TestTargetID = 4E6D35942D9AF881003ED524;
					};
					4E6D35B02D9AF883003ED524 = {
						CreatedOnToolsVersion = 16.1;
						TestTargetID = 4E6D35942D9AF881003ED524;
					};
				};
			};
			buildConfigurationList = 4E6D35902D9AF881003ED524 /* Build configuration list for PBXProject "AppSearchSwiftUI" */;
			developmentRegion = en;
			hasScannedForEncodings = 0;
			knownRegions = (
				en,
				Base,
			);
			mainGroup = 4E6D358C2D9AF881003ED524;
			minimizedProjectReferenceProxies = 1;
			preferredProjectObjectVersion = 77;
			productRefGroup = 4E6D35962D9AF881003ED524 /* Products */;
			projectDirPath = "";
			projectRoot = "";
			targets = (
				4E6D35942D9AF881003ED524 /* AppSearchSwiftUI */,
				4E6D35A62D9AF883003ED524 /* AppSearchSwiftUITests */,
				4E6D35B02D9AF883003ED524 /* AppSearchSwiftUIUITests */,
			);
		};
/* End PBXProject section */

/* Begin PBXResourcesBuildPhase section */
		4E6D35932D9AF881003ED524 /* Resources */ = {
			isa = PBXResourcesBuildPhase;
			buildActionMask = 2147483647;
			files = (
			);
			runOnlyForDeploymentPostprocessing = 0;
		};
		4E6D35A52D9AF883003ED524 /* Resources */ = {
			isa = PBXResourcesBuildPhase;
			buildActionMask = 2147483647;
			files = (
			);
			runOnlyForDeploymentPostprocessing = 0;
		};
		4E6D35AF2D9AF883003ED524 /* Resources */ = {
			isa = PBXResourcesBuildPhase;
			buildActionMask = 2147483647;
			files = (
			);
			runOnlyForDeploymentPostprocessing = 0;
		};
/* End PBXResourcesBuildPhase section */

/* Begin PBXSourcesBuildPhase section */
		4E6D35912D9AF881003ED524 /* Sources */ = {
			isa = PBXSourcesBuildPhase;
			buildActionMask = 2147483647;
			files = (
			);
			runOnlyForDeploymentPostprocessing = 0;
		};
		4E6D35A32D9AF883003ED524 /* Sources */ = {
			isa = PBXSourcesBuildPhase;
			buildActionMask = 2147483647;
			files = (
			);
			runOnlyForDeploymentPostprocessing = 0;
		};
		4E6D35AD2D9AF883003ED524 /* Sources */ = {
			isa = PBXSourcesBuildPhase;
			buildActionMask = 2147483647;
			files = (
			);
			runOnlyForDeploymentPostprocessing = 0;
		};
/* End PBXSourcesBuildPhase section */

/* Begin PBXTargetDependency section */
		4E6D35A92D9AF883003ED524 /* PBXTargetDependency */ = {
			isa = PBXTargetDependency;
			target = 4E6D35942D9AF881003ED524 /* AppSearchSwiftUI */;
			targetProxy = 4E6D35A82D9AF883003ED524 /* PBXContainerItemProxy */;
		};
		4E6D35B32D9AF883003ED524 /* PBXTargetDependency */ = {
			isa = PBXTargetDependency;
			target = 4E6D35942D9AF881003ED524 /* AppSearchSwiftUI */;
			targetProxy = 4E6D35B22D9AF883003ED524 /* PBXContainerItemProxy */;
		};
/* End PBXTargetDependency section */

/* Begin XCBuildConfiguration section */
		4E6D35B92D9AF883003ED524 /* Debug */ = {
			isa = XCBuildConfiguration;
			buildSettings = {
				ALWAYS_SEARCH_USER_PATHS = NO;
				ASSETCATALOG_COMPILER_GENERATE_SWIFT_ASSET_SYMBOL_EXTENSIONS = YES;
				CLANG_ANALYZER_NONNULL = YES;
				CLANG_ANALYZER_NUMBER_OBJECT_CONVERSION = YES_AGGRESSIVE;
				CLANG_CXX_LANGUAGE_STANDARD = "gnu++20";
				CLANG_ENABLE_MODULES = YES;
				CLANG_ENABLE_OBJC_ARC = YES;
				CLANG_ENABLE_OBJC_WEAK = YES;
				CLANG_WARN_BLOCK_CAPTURE_AUTORELEASING = YES;
				CLANG_WARN_BOOL_CONVERSION = YES;
				CLANG_WARN_COMMA = YES;
				CLANG_WARN_CONSTANT_CONVERSION = YES;
				CLANG_WARN_DEPRECATED_OBJC_IMPLEMENTATIONS = YES;
				CLANG_WARN_DIRECT_OBJC_ISA_USAGE = YES_ERROR;
				CLANG_WARN_DOCUMENTATION_COMMENTS = YES;
				CLANG_WARN_EMPTY_BODY = YES;
				CLANG_WARN_ENUM_CONVERSION = YES;
				CLANG_WARN_INFINITE_RECURSION = YES;
				CLANG_WARN_INT_CONVERSION = YES;
				CLANG_WARN_NON_LITERAL_NULL_CONVERSION = YES;
				CLANG_WARN_OBJC_IMPLICIT_RETAIN_SELF = YES;
				CLANG_WARN_OBJC_LITERAL_CONVERSION = YES;
				CLANG_WARN_OBJC_ROOT_CLASS = YES_ERROR;
				CLANG_WARN_QUOTED_INCLUDE_IN_FRAMEWORK_HEADER = YES;
				CLANG_WARN_RANGE_LOOP_ANALYSIS = YES;
				CLANG_WARN_STRICT_PROTOTYPES = YES;
				CLANG_WARN_SUSPICIOUS_MOVE = YES;
				CLANG_WARN_UNGUARDED_AVAILABILITY = YES_AGGRESSIVE;
				CLANG_WARN_UNREACHABLE_CODE = YES;
				CLANG_WARN__DUPLICATE_METHOD_MATCH = YES;
				COPY_PHASE_STRIP = NO;
				DEBUG_INFORMATION_FORMAT = dwarf;
				ENABLE_STRICT_OBJC_MSGSEND = YES;
				ENABLE_TESTABILITY = YES;
				ENABLE_USER_SCRIPT_SANDBOXING = YES;
				GCC_C_LANGUAGE_STANDARD = gnu17;
				GCC_DYNAMIC_NO_PIC = NO;
				GCC_NO_COMMON_BLOCKS = YES;
				GCC_OPTIMIZATION_LEVEL = 0;
				GCC_PREPROCESSOR_DEFINITIONS = (
					"DEBUG=1",
					"$(inherited)",
				);
				GCC_WARN_64_TO_32_BIT_CONVERSION = YES;
				GCC_WARN_ABOUT_RETURN_TYPE = YES_ERROR;
				GCC_WARN_UNDECLARED_SELECTOR = YES;
				GCC_WARN_UNINITIALIZED_AUTOS = YES_AGGRESSIVE;
				GCC_WARN_UNUSED_FUNCTION = YES;
				GCC_WARN_UNUSED_VARIABLE = YES;
				IPHONEOS_DEPLOYMENT_TARGET = 18.1;
				LOCALIZATION_PREFERS_STRING_CATALOGS = YES;
				MTL_ENABLE_DEBUG_INFO = INCLUDE_SOURCE;
				MTL_FAST_MATH = YES;
				ONLY_ACTIVE_ARCH = YES;
				SDKROOT = iphoneos;
				SWIFT_ACTIVE_COMPILATION_CONDITIONS = "DEBUG $(inherited)";
				SWIFT_OPTIMIZATION_LEVEL = "-Onone";
			};
			name = Debug;
		};
		4E6D35BA2D9AF883003ED524 /* Release */ = {
			isa = XCBuildConfiguration;
			buildSettings = {
				ALWAYS_SEARCH_USER_PATHS = NO;
				ASSETCATALOG_COMPILER_GENERATE_SWIFT_ASSET_SYMBOL_EXTENSIONS = YES;
				CLANG_ANALYZER_NONNULL = YES;
				CLANG_ANALYZER_NUMBER_OBJECT_CONVERSION = YES_AGGRESSIVE;
				CLANG_CXX_LANGUAGE_STANDARD = "gnu++20";
				CLANG_ENABLE_MODULES = YES;
				CLANG_ENABLE_OBJC_ARC = YES;
				CLANG_ENABLE_OBJC_WEAK = YES;
				CLANG_WARN_BLOCK_CAPTURE_AUTORELEASING = YES;
				CLANG_WARN_BOOL_CONVERSION = YES;
				CLANG_WARN_COMMA = YES;
				CLANG_WARN_CONSTANT_CONVERSION = YES;
				CLANG_WARN_DEPRECATED_OBJC_IMPLEMENTATIONS = YES;
				CLANG_WARN_DIRECT_OBJC_ISA_USAGE = YES_ERROR;
				CLANG_WARN_DOCUMENTATION_COMMENTS = YES;
				CLANG_WARN_EMPTY_BODY = YES;
				CLANG_WARN_ENUM_CONVERSION = YES;
				CLANG_WARN_INFINITE_RECURSION = YES;
				CLANG_WARN_INT_CONVERSION = YES;
				CLANG_WARN_NON_LITERAL_NULL_CONVERSION = YES;
				CLANG_WARN_OBJC_IMPLICIT_RETAIN_SELF = YES;
				CLANG_WARN_OBJC_LITERAL_CONVERSION = YES;
				CLANG_WARN_OBJC_ROOT_CLASS = YES_ERROR;
				CLANG_WARN_QUOTED_INCLUDE_IN_FRAMEWORK_HEADER = YES;
				CLANG_WARN_RANGE_LOOP_ANALYSIS = YES;
				CLANG_WARN_STRICT_PROTOTYPES = YES;
				CLANG_WARN_SUSPICIOUS_MOVE = YES;
				CLANG_WARN_UNGUARDED_AVAILABILITY = YES_AGGRESSIVE;
				CLANG_WARN_UNREACHABLE_CODE = YES;
				CLANG_WARN__DUPLICATE_METHOD_MATCH = YES;
				COPY_PHASE_STRIP = NO;
				DEBUG_INFORMATION_FORMAT = "dwarf-with-dsym";
				ENABLE_NS_ASSERTIONS = NO;
				ENABLE_STRICT_OBJC_MSGSEND = YES;
				ENABLE_USER_SCRIPT_SANDBOXING = YES;
				GCC_C_LANGUAGE_STANDARD = gnu17;
				GCC_NO_COMMON_BLOCKS = YES;
				GCC_WARN_64_TO_32_BIT_CONVERSION = YES;
				GCC_WARN_ABOUT_RETURN_TYPE = YES_ERROR;
				GCC_WARN_UNDECLARED_SELECTOR = YES;
				GCC_WARN_UNINITIALIZED_AUTOS = YES_AGGRESSIVE;
				GCC_WARN_UNUSED_FUNCTION = YES;
				GCC_WARN_UNUSED_VARIABLE = YES;
				IPHONEOS_DEPLOYMENT_TARGET = 18.1;
				LOCALIZATION_PREFERS_STRING_CATALOGS = YES;
				MTL_ENABLE_DEBUG_INFO = NO;
				MTL_FAST_MATH = YES;
				SDKROOT = iphoneos;
				SWIFT_COMPILATION_MODE = wholemodule;
				VALIDATE_PRODUCT = YES;
			};
			name = Release;
		};
		4E6D35BC2D9AF883003ED524 /* Debug */ = {
			isa = XCBuildConfiguration;
			buildSettings = {
				ASSETCATALOG_COMPILER_APPICON_NAME = AppIcon;
				ASSETCATALOG_COMPILER_GLOBAL_ACCENT_COLOR_NAME = AccentColor;
				CODE_SIGN_STYLE = Automatic;
				CURRENT_PROJECT_VERSION = 1;
				DEVELOPMENT_ASSET_PATHS = "\"AppSearchSwiftUI/Preview Content\"";
				ENABLE_PREVIEWS = YES;
				GENERATE_INFOPLIST_FILE = YES;
				INFOPLIST_KEY_UIApplicationSceneManifest_Generation = YES;
				INFOPLIST_KEY_UIApplicationSupportsIndirectInputEvents = YES;
				INFOPLIST_KEY_UILaunchScreen_Generation = YES;
				INFOPLIST_KEY_UISupportedInterfaceOrientations_iPad = "UIInterfaceOrientationPortrait UIInterfaceOrientationPortraitUpsideDown UIInterfaceOrientationLandscapeLeft UIInterfaceOrientationLandscapeRight";
				INFOPLIST_KEY_UISupportedInterfaceOrientations_iPhone = "UIInterfaceOrientationPortrait UIInterfaceOrientationLandscapeLeft UIInterfaceOrientationLandscapeRight";
				IPHONEOS_DEPLOYMENT_TARGET = 17.0;
				LD_RUNPATH_SEARCH_PATHS = (
					"$(inherited)",
					"@executable_path/Frameworks",
				);
				MARKETING_VERSION = 1.0;
				PRODUCT_BUNDLE_IDENTIFIER = ui.AppSearchSwiftUI;
				PRODUCT_NAME = "$(TARGET_NAME)";
				SWIFT_EMIT_LOC_STRINGS = YES;
				SWIFT_VERSION = 5.0;
				TARGETED_DEVICE_FAMILY = "1,2";
			};
			name = Debug;
		};
		4E6D35BD2D9AF883003ED524 /* Release */ = {
			isa = XCBuildConfiguration;
			buildSettings = {
				ASSETCATALOG_COMPILER_APPICON_NAME = AppIcon;
				ASSETCATALOG_COMPILER_GLOBAL_ACCENT_COLOR_NAME = AccentColor;
				CODE_SIGN_STYLE = Automatic;
				CURRENT_PROJECT_VERSION = 1;
				DEVELOPMENT_ASSET_PATHS = "\"AppSearchSwiftUI/Preview Content\"";
				ENABLE_PREVIEWS = YES;
				GENERATE_INFOPLIST_FILE = YES;
				INFOPLIST_KEY_UIApplicationSceneManifest_Generation = YES;
				INFOPLIST_KEY_UIApplicationSupportsIndirectInputEvents = YES;
				INFOPLIST_KEY_UILaunchScreen_Generation = YES;
				INFOPLIST_KEY_UISupportedInterfaceOrientations_iPad = "UIInterfaceOrientationPortrait UIInterfaceOrientationPortraitUpsideDown UIInterfaceOrientationLandscapeLeft UIInterfaceOrientationLandscapeRight";
				INFOPLIST_KEY_UISupportedInterfaceOrientations_iPhone = "UIInterfaceOrientationPortrait UIInterfaceOrientationLandscapeLeft UIInterfaceOrientationLandscapeRight";
				IPHONEOS_DEPLOYMENT_TARGET = 17.0;
				LD_RUNPATH_SEARCH_PATHS = (
					"$(inherited)",
					"@executable_path/Frameworks",
				);
				MARKETING_VERSION = 1.0;
				PRODUCT_BUNDLE_IDENTIFIER = ui.AppSearchSwiftUI;
				PRODUCT_NAME = "$(TARGET_NAME)";
				SWIFT_EMIT_LOC_STRINGS = YES;
				SWIFT_VERSION = 5.0;
				TARGETED_DEVICE_FAMILY = "1,2";
			};
			name = Release;
		};
		4E6D35BF2D9AF883003ED524 /* Debug */ = {
			isa = XCBuildConfiguration;
			buildSettings = {
				BUNDLE_LOADER = "$(TEST_HOST)";
				CODE_SIGN_STYLE = Automatic;
				CURRENT_PROJECT_VERSION = 1;
				GENERATE_INFOPLIST_FILE = YES;
				IPHONEOS_DEPLOYMENT_TARGET = 17.0;
				MARKETING_VERSION = 1.0;
				PRODUCT_BUNDLE_IDENTIFIER = ui.AppSearchSwiftUITests;
				PRODUCT_NAME = "$(TARGET_NAME)";
				SWIFT_EMIT_LOC_STRINGS = NO;
				SWIFT_VERSION = 5.0;
				TARGETED_DEVICE_FAMILY = "1,2";
				TEST_HOST = "$(BUILT_PRODUCTS_DIR)/AppSearchSwiftUI.app/$(BUNDLE_EXECUTABLE_FOLDER_PATH)/AppSearchSwiftUI";
			};
			name = Debug;
		};
		4E6D35C02D9AF883003ED524 /* Release */ = {
			isa = XCBuildConfiguration;
			buildSettings = {
				BUNDLE_LOADER = "$(TEST_HOST)";
				CODE_SIGN_STYLE = Automatic;
				CURRENT_PROJECT_VERSION = 1;
				GENERATE_INFOPLIST_FILE = YES;
				IPHONEOS_DEPLOYMENT_TARGET = 17.0;
				MARKETING_VERSION = 1.0;
				PRODUCT_BUNDLE_IDENTIFIER = ui.AppSearchSwiftUITests;
				PRODUCT_NAME = "$(TARGET_NAME)";
				SWIFT_EMIT_LOC_STRINGS = NO;
				SWIFT_VERSION = 5.0;
				TARGETED_DEVICE_FAMILY = "1,2";
				TEST_HOST = "$(BUILT_PRODUCTS_DIR)/AppSearchSwiftUI.app/$(BUNDLE_EXECUTABLE_FOLDER_PATH)/AppSearchSwiftUI";
			};
			name = Release;
		};
		4E6D35C22D9AF883003ED524 /* Debug */ = {
			isa = XCBuildConfiguration;
			buildSettings = {
				CODE_SIGN_STYLE = Automatic;
				CURRENT_PROJECT_VERSION = 1;
				GENERATE_INFOPLIST_FILE = YES;
				IPHONEOS_DEPLOYMENT_TARGET = 17.0;
				MARKETING_VERSION = 1.0;
				PRODUCT_BUNDLE_IDENTIFIER = ui.AppSearchSwiftUIUITests;
				PRODUCT_NAME = "$(TARGET_NAME)";
				SWIFT_EMIT_LOC_STRINGS = NO;
				SWIFT_VERSION = 5.0;
				TARGETED_DEVICE_FAMILY = "1,2";
				TEST_TARGET_NAME = AppSearchSwiftUI;
			};
			name = Debug;
		};
		4E6D35C32D9AF883003ED524 /* Release */ = {
			isa = XCBuildConfiguration;
			buildSettings = {
				CODE_SIGN_STYLE = Automatic;
				CURRENT_PROJECT_VERSION = 1;
				GENERATE_INFOPLIST_FILE = YES;
				IPHONEOS_DEPLOYMENT_TARGET = 17.0;
				MARKETING_VERSION = 1.0;
				PRODUCT_BUNDLE_IDENTIFIER = ui.AppSearchSwiftUIUITests;
				PRODUCT_NAME = "$(TARGET_NAME)";
				SWIFT_EMIT_LOC_STRINGS = NO;
				SWIFT_VERSION = 5.0;
				TARGETED_DEVICE_FAMILY = "1,2";
				TEST_TARGET_NAME = AppSearchSwiftUI;
			};
			name = Release;
		};
/* End XCBuildConfiguration section */

/* Begin XCConfigurationList section */
		4E6D35902D9AF881003ED524 /* Build configuration list for PBXProject "AppSearchSwiftUI" */ = {
			isa = XCConfigurationList;
			buildConfigurations = (
				4E6D35B92D9AF883003ED524 /* Debug */,
				4E6D35BA2D9AF883003ED524 /* Release */,
			);
			defaultConfigurationIsVisible = 0;
			defaultConfigurationName = Release;
		};
		4E6D35BB2D9AF883003ED524 /* Build configuration list for PBXNativeTarget "AppSearchSwiftUI" */ = {
			isa = XCConfigurationList;
			buildConfigurations = (
				4E6D35BC2D9AF883003ED524 /* Debug */,
				4E6D35BD2D9AF883003ED524 /* Release */,
			);
			defaultConfigurationIsVisible = 0;
			defaultConfigurationName = Release;
		};
		4E6D35BE2D9AF883003ED524 /* Build configuration list for PBXNativeTarget "AppSearchSwiftUITests" */ = {
			isa = XCConfigurationList;
			buildConfigurations = (
				4E6D35BF2D9AF883003ED524 /* Debug */,
				4E6D35C02D9AF883003ED524 /* Release */,
			);
			defaultConfigurationIsVisible = 0;
			defaultConfigurationName = Release;
		};
		4E6D35C12D9AF883003ED524 /* Build configuration list for PBXNativeTarget "AppSearchSwiftUIUITests" */ = {
			isa = XCConfigurationList;
			buildConfigurations = (
				4E6D35C22D9AF883003ED524 /* Debug */,
				4E6D35C32D9AF883003ED524 /* Release */,
			);
			defaultConfigurationIsVisible = 0;
			defaultConfigurationName = Release;
		};
/* End XCConfigurationList section */
	};
	rootObject = 4E6D358D2D9AF881003ED524 /* Project object */;
}
